
Microsoft Visual Studio Solution File, Format Version 12.00
# Visual Studio Version 17
VisualStudioVersion = 17.13.35931.197 d17.13
MinimumVisualStudioVersion = 10.0.40219.1
Project("{8BC9CEB8-8B4A-11D0-8D11-00A0C91BC942}") = "RestaurantBooking", "RestaurantBooking\RestaurantBooking.vcxproj", "{B78A1A2E-D1AF-4894-8CB9-7ED2CA17F9AF}"
EndProject
Global
	GlobalSection(SolutionConfigurationPlatforms) = preSolution
		Debug|x64 = Debug|x64
		Debug|x86 = Debug|x86
		Release|x64 = Release|x64
		Release|x86 = Release|x86
	EndGlobalSection
	GlobalSection(ProjectConfigurationPlatforms) = postSolution
		{B78A1A2E-D1AF-4894-8CB9-7ED2CA17F9AF}.Debug|x64.ActiveCfg = Debug|x64
		{B78A1A2E-D1AF-4894-8CB9-7ED2CA17F9AF}.Debug|x64.Build.0 = Debug|x64
		{B78A1A2E-D1AF-4894-8CB9-7ED2CA17F9AF}.Debug|x86.ActiveCfg = Debug|Win32
		{B78A1A2E-D1AF-4894-8CB9-7ED2CA17F9AF}.Debug|x86.Build.0 = Debug|Win32
		{B78A1A2E-D1AF-4894-8CB9-7ED2CA17F9AF}.Release|x64.ActiveCfg = Release|x64
		{B78A1A2E-D1AF-4894-8CB9-7ED2CA17F9AF}.Release|x64.Build.0 = Release|x64
		{B78A1A2E-D1AF-4894-8CB9-7ED2CA17F9AF}.Release|x86.ActiveCfg = Release|Win32
		{B78A1A2E-D1AF-4894-8CB9-7ED2CA17F9AF}.Release|x86.Build.0 = Release|Win32
	EndGlobalSection
	GlobalSection(SolutionProperties) = preSolution
		HideSolutionNode = FALSE
	EndGlobalSection
	GlobalSection(ExtensibilityGlobals) = postSolution
		SolutionGuid = {DCBECC13-1538-4EA1-AE80-5DECB853A5FE}
	EndGlobalSection
EndGlobal
